
Microsoft Visual Studio Solution File, Format Version 12.00
# Visual Studio Version 17
VisualStudioVersion = 17.11.35312.102
MinimumVisualStudioVersion = 10.0.40219.1
Project("{FAE04EC0-301F-11D3-BF4B-00C04F79EFBC}") = "hamster_paint", "hamster_paint\hamster_paint.csproj", "{3BA890B3-E198-42CA-A3DB-4FE0E69F5D07}"
EndProject
Global
	GlobalSection(SolutionConfigurationPlatforms) = preSolution
		Debug|Any CPU = Debug|Any CPU
		Release|Any CPU = Release|Any CPU
	EndGlobalSection
	GlobalSection(ProjectConfigurationPlatforms) = postSolution
		{3BA890B3-E198-42CA-A3DB-4FE0E69F5D07}.Debug|Any CPU.ActiveCfg = Debug|Any CPU
		{3BA890B3-E198-42CA-A3DB-4FE0E69F5D07}.Debug|Any CPU.Build.0 = Debug|Any CPU
		{3BA890B3-E198-42CA-A3DB-4FE0E69F5D07}.Release|Any CPU.ActiveCfg = Release|Any CPU
		{3BA890B3-E198-42CA-A3DB-4FE0E69F5D07}.Release|Any CPU.Build.0 = Release|Any CPU
	EndGlobalSection
	GlobalSection(SolutionProperties) = preSolution
		HideSolutionNode = FALSE
	EndGlobalSection
	GlobalSection(ExtensibilityGlobals) = postSolution
		SolutionGuid = {5FAA87AE-94FF-45F5-B286-362DEA8C6C41}
	EndGlobalSection
EndGlobal
